
Microsoft Visual Studio Solution File, Format Version 12.00
# Visual Studio Version 17
VisualStudioVersion = 17.11.35312.102
MinimumVisualStudioVersion = 10.0.40219.1
Project("{FAE04EC0-301F-11D3-BF4B-00C04F79EFBC}") = "SolvingExceptionMissUesInCsharp", "SolvingExceptionMissUesInCsharp\SolvingExceptionMissUesInCsharp.csproj", "{C75A362D-E919-496C-B0AA-FC54ECD7C32F}"
EndProject
Global
	GlobalSection(SolutionConfigurationPlatforms) = preSolution
		Debug|Any CPU = Debug|Any CPU
		Release|Any CPU = Release|Any CPU
	EndGlobalSection
	GlobalSection(ProjectConfigurationPlatforms) = postSolution
		{C75A362D-E919-496C-B0AA-FC54ECD7C32F}.Debug|Any CPU.ActiveCfg = Debug|Any CPU
		{C75A362D-E919-496C-B0AA-FC54ECD7C32F}.Debug|Any CPU.Build.0 = Debug|Any CPU
		{C75A362D-E919-496C-B0AA-FC54ECD7C32F}.Release|Any CPU.ActiveCfg = Release|Any CPU
		{C75A362D-E919-496C-B0AA-FC54ECD7C32F}.Release|Any CPU.Build.0 = Release|Any CPU
	EndGlobalSection
	GlobalSection(SolutionProperties) = preSolution
		HideSolutionNode = FALSE
	EndGlobalSection
	GlobalSection(ExtensibilityGlobals) = postSolution
		SolutionGuid = {44A28CB3-5ECC-4D8C-B7EF-6F2B56BEF847}
	EndGlobalSection
EndGlobal
