
Microsoft Visual Studio Solution File, Format Version 12.00
# Visual Studio Version 17
VisualStudioVersion = 17.11.35312.102
MinimumVisualStudioVersion = 10.0.40219.1
Project("{FAE04EC0-301F-11D3-BF4B-00C04F79EFBC}") = "MaxValueInArray", "MaxValueInArray\MaxValueInArray.csproj", "{EC9C9FBF-BD0B-4427-AC13-5EC92CF786D5}"
EndProject
Global
	GlobalSection(SolutionConfigurationPlatforms) = preSolution
		Debug|Any CPU = Debug|Any CPU
		Release|Any CPU = Release|Any CPU
	EndGlobalSection
	GlobalSection(ProjectConfigurationPlatforms) = postSolution
		{EC9C9FBF-BD0B-4427-AC13-5EC92CF786D5}.Debug|Any CPU.ActiveCfg = Debug|Any CPU
		{EC9C9FBF-BD0B-4427-AC13-5EC92CF786D5}.Debug|Any CPU.Build.0 = Debug|Any CPU
		{EC9C9FBF-BD0B-4427-AC13-5EC92CF786D5}.Release|Any CPU.ActiveCfg = Release|Any CPU
		{EC9C9FBF-BD0B-4427-AC13-5EC92CF786D5}.Release|Any CPU.Build.0 = Release|Any CPU
	EndGlobalSection
	GlobalSection(SolutionProperties) = preSolution
		HideSolutionNode = FALSE
	EndGlobalSection
	GlobalSection(ExtensibilityGlobals) = postSolution
		SolutionGuid = {62D3A3A6-97D9-499C-BCC8-9070EAB18642}
	EndGlobalSection
EndGlobal
