
Microsoft Visual Studio Solution File, Format Version 12.00
# Visual Studio Version 17
VisualStudioVersion = 17.11.35312.102
MinimumVisualStudioVersion = 10.0.40219.1
Project("{FAE04EC0-301F-11D3-BF4B-00C04F79EFBC}") = "GenericsInCsharp", "GenericsInCsharp\GenericsInCsharp.csproj", "{AAB63F10-35B5-47BC-A0A5-B02A0E6A36C1}"
EndProject
Global
	GlobalSection(SolutionConfigurationPlatforms) = preSolution
		Debug|Any CPU = Debug|Any CPU
		Release|Any CPU = Release|Any CPU
	EndGlobalSection
	GlobalSection(ProjectConfigurationPlatforms) = postSolution
		{AAB63F10-35B5-47BC-A0A5-B02A0E6A36C1}.Debug|Any CPU.ActiveCfg = Debug|Any CPU
		{AAB63F10-35B5-47BC-A0A5-B02A0E6A36C1}.Debug|Any CPU.Build.0 = Debug|Any CPU
		{AAB63F10-35B5-47BC-A0A5-B02A0E6A36C1}.Release|Any CPU.ActiveCfg = Release|Any CPU
		{AAB63F10-35B5-47BC-A0A5-B02A0E6A36C1}.Release|Any CPU.Build.0 = Release|Any CPU
	EndGlobalSection
	GlobalSection(SolutionProperties) = preSolution
		HideSolutionNode = FALSE
	EndGlobalSection
	GlobalSection(ExtensibilityGlobals) = postSolution
		SolutionGuid = {956F15BB-1994-43F0-893D-D4F84BE20B0F}
	EndGlobalSection
EndGlobal
