
Microsoft Visual Studio Solution File, Format Version 12.00
# Visual Studio Version 17
VisualStudioVersion = 17.11.35312.102
MinimumVisualStudioVersion = 10.0.40219.1
Project("{FAE04EC0-301F-11D3-BF4B-00C04F79EFBC}") = "MiddlewareCLass", "MiddlewareCLass\MiddlewareCLass.csproj", "{736C997E-64E2-4D06-8BF4-99D05D4F159C}"
EndProject
Global
	GlobalSection(SolutionConfigurationPlatforms) = preSolution
		Debug|Any CPU = Debug|Any CPU
		Release|Any CPU = Release|Any CPU
	EndGlobalSection
	GlobalSection(ProjectConfigurationPlatforms) = postSolution
		{736C997E-64E2-4D06-8BF4-99D05D4F159C}.Debug|Any CPU.ActiveCfg = Debug|Any CPU
		{736C997E-64E2-4D06-8BF4-99D05D4F159C}.Debug|Any CPU.Build.0 = Debug|Any CPU
		{736C997E-64E2-4D06-8BF4-99D05D4F159C}.Release|Any CPU.ActiveCfg = Release|Any CPU
		{736C997E-64E2-4D06-8BF4-99D05D4F159C}.Release|Any CPU.Build.0 = Release|Any CPU
	EndGlobalSection
	GlobalSection(SolutionProperties) = preSolution
		HideSolutionNode = FALSE
	EndGlobalSection
	GlobalSection(ExtensibilityGlobals) = postSolution
		SolutionGuid = {F003AF7B-FB66-4FC2-99CA-18F7B70E3421}
	EndGlobalSection
EndGlobal
