
Microsoft Visual Studio Solution File, Format Version 12.00
# Visual Studio Version 17
VisualStudioVersion = 17.11.35312.102
MinimumVisualStudioVersion = 10.0.40219.1
Project("{FAE04EC0-301F-11D3-BF4B-00C04F79EFBC}") = "EnumInCsharp", "EnumInCsharp\EnumInCsharp.csproj", "{CFE74BDD-9B96-4E28-BF11-2577C0CE221F}"
EndProject
Global
	GlobalSection(SolutionConfigurationPlatforms) = preSolution
		Debug|Any CPU = Debug|Any CPU
		Release|Any CPU = Release|Any CPU
	EndGlobalSection
	GlobalSection(ProjectConfigurationPlatforms) = postSolution
		{CFE74BDD-9B96-4E28-BF11-2577C0CE221F}.Debug|Any CPU.ActiveCfg = Debug|Any CPU
		{CFE74BDD-9B96-4E28-BF11-2577C0CE221F}.Debug|Any CPU.Build.0 = Debug|Any CPU
		{CFE74BDD-9B96-4E28-BF11-2577C0CE221F}.Release|Any CPU.ActiveCfg = Release|Any CPU
		{CFE74BDD-9B96-4E28-BF11-2577C0CE221F}.Release|Any CPU.Build.0 = Release|Any CPU
	EndGlobalSection
	GlobalSection(SolutionProperties) = preSolution
		HideSolutionNode = FALSE
	EndGlobalSection
	GlobalSection(ExtensibilityGlobals) = postSolution
		SolutionGuid = {6E146D55-D552-46F2-B9BF-06A22B82C120}
	EndGlobalSection
EndGlobal
