
Microsoft Visual Studio Solution File, Format Version 12.00
# Visual Studio Version 17
VisualStudioVersion = 17.11.35312.102
MinimumVisualStudioVersion = 10.0.40219.1
Project("{FAE04EC0-301F-11D3-BF4B-00C04F79EFBC}") = "PalindromeCheck", "PalindromeCheck\PalindromeCheck.csproj", "{D3BB95AE-BC4E-4AC3-B834-49F70675D6F4}"
EndProject
Global
	GlobalSection(SolutionConfigurationPlatforms) = preSolution
		Debug|Any CPU = Debug|Any CPU
		Release|Any CPU = Release|Any CPU
	EndGlobalSection
	GlobalSection(ProjectConfigurationPlatforms) = postSolution
		{D3BB95AE-BC4E-4AC3-B834-49F70675D6F4}.Debug|Any CPU.ActiveCfg = Debug|Any CPU
		{D3BB95AE-BC4E-4AC3-B834-49F70675D6F4}.Debug|Any CPU.Build.0 = Debug|Any CPU
		{D3BB95AE-BC4E-4AC3-B834-49F70675D6F4}.Release|Any CPU.ActiveCfg = Release|Any CPU
		{D3BB95AE-BC4E-4AC3-B834-49F70675D6F4}.Release|Any CPU.Build.0 = Release|Any CPU
	EndGlobalSection
	GlobalSection(SolutionProperties) = preSolution
		HideSolutionNode = FALSE
	EndGlobalSection
	GlobalSection(ExtensibilityGlobals) = postSolution
		SolutionGuid = {E2663E32-18ED-4AA6-B1D7-F7F5874E7BEF}
	EndGlobalSection
EndGlobal
