
Microsoft Visual Studio Solution File, Format Version 12.00
# Visual Studio Version 17
VisualStudioVersion = 17.11.35312.102
MinimumVisualStudioVersion = 10.0.40219.1
Project("{FAE04EC0-301F-11D3-BF4B-00C04F79EFBC}") = "ExampleOfEnumsInCsharp", "ExampleOfEnumsInCsharp\ExampleOfEnumsInCsharp.csproj", "{68A8E304-A4D6-4FC4-B056-D666C9367D01}"
EndProject
Global
	GlobalSection(SolutionConfigurationPlatforms) = preSolution
		Debug|Any CPU = Debug|Any CPU
		Release|Any CPU = Release|Any CPU
	EndGlobalSection
	GlobalSection(ProjectConfigurationPlatforms) = postSolution
		{68A8E304-A4D6-4FC4-B056-D666C9367D01}.Debug|Any CPU.ActiveCfg = Debug|Any CPU
		{68A8E304-A4D6-4FC4-B056-D666C9367D01}.Debug|Any CPU.Build.0 = Debug|Any CPU
		{68A8E304-A4D6-4FC4-B056-D666C9367D01}.Release|Any CPU.ActiveCfg = Release|Any CPU
		{68A8E304-A4D6-4FC4-B056-D666C9367D01}.Release|Any CPU.Build.0 = Release|Any CPU
	EndGlobalSection
	GlobalSection(SolutionProperties) = preSolution
		HideSolutionNode = FALSE
	EndGlobalSection
	GlobalSection(ExtensibilityGlobals) = postSolution
		SolutionGuid = {3E9D3B98-D9DF-49FD-BCD2-D39F9F4AA934}
	EndGlobalSection
EndGlobal
