
Microsoft Visual Studio Solution File, Format Version 12.00
# Visual Studio Version 17
VisualStudioVersion = 17.11.35312.102
MinimumVisualStudioVersion = 10.0.40219.1
Project("{FAE04EC0-301F-11D3-BF4B-00C04F79EFBC}") = "ConvertTosSring&ToStringDifference", "ConvertTosSring&ToStringDifference\ConvertTosSring&ToStringDifference.csproj", "{8CAD3F58-B4F5-4E0E-8DA4-3212AFD0BE0D}"
EndProject
Global
	GlobalSection(SolutionConfigurationPlatforms) = preSolution
		Debug|Any CPU = Debug|Any CPU
		Release|Any CPU = Release|Any CPU
	EndGlobalSection
	GlobalSection(ProjectConfigurationPlatforms) = postSolution
		{8CAD3F58-B4F5-4E0E-8DA4-3212AFD0BE0D}.Debug|Any CPU.ActiveCfg = Debug|Any CPU
		{8CAD3F58-B4F5-4E0E-8DA4-3212AFD0BE0D}.Debug|Any CPU.Build.0 = Debug|Any CPU
		{8CAD3F58-B4F5-4E0E-8DA4-3212AFD0BE0D}.Release|Any CPU.ActiveCfg = Release|Any CPU
		{8CAD3F58-B4F5-4E0E-8DA4-3212AFD0BE0D}.Release|Any CPU.Build.0 = Release|Any CPU
	EndGlobalSection
	GlobalSection(SolutionProperties) = preSolution
		HideSolutionNode = FALSE
	EndGlobalSection
	GlobalSection(ExtensibilityGlobals) = postSolution
		SolutionGuid = {891E3758-8BBB-44B5-8676-BAC2F71E9E85}
	EndGlobalSection
EndGlobal
