
Microsoft Visual Studio Solution File, Format Version 12.00
# Visual Studio Version 17
VisualStudioVersion = 17.11.35312.102
MinimumVisualStudioVersion = 10.0.40219.1
Project("{FAE04EC0-301F-11D3-BF4B-00C04F79EFBC}") = "LoopsInCsharp", "LoopsInCsharp\LoopsInCsharp.csproj", "{DEAC035E-237A-488F-BE2D-076210118183}"
EndProject
Global
	GlobalSection(SolutionConfigurationPlatforms) = preSolution
		Debug|Any CPU = Debug|Any CPU
		Release|Any CPU = Release|Any CPU
	EndGlobalSection
	GlobalSection(ProjectConfigurationPlatforms) = postSolution
		{DEAC035E-237A-488F-BE2D-076210118183}.Debug|Any CPU.ActiveCfg = Debug|Any CPU
		{DEAC035E-237A-488F-BE2D-076210118183}.Debug|Any CPU.Build.0 = Debug|Any CPU
		{DEAC035E-237A-488F-BE2D-076210118183}.Release|Any CPU.ActiveCfg = Release|Any CPU
		{DEAC035E-237A-488F-BE2D-076210118183}.Release|Any CPU.Build.0 = Release|Any CPU
	EndGlobalSection
	GlobalSection(SolutionProperties) = preSolution
		HideSolutionNode = FALSE
	EndGlobalSection
	GlobalSection(ExtensibilityGlobals) = postSolution
		SolutionGuid = {3F1887C6-BE96-42F1-9181-E86A3D51CB9C}
	EndGlobalSection
EndGlobal
