
Microsoft Visual Studio Solution File, Format Version 12.00
# Visual Studio Version 17
VisualStudioVersion = 17.11.35312.102
MinimumVisualStudioVersion = 10.0.40219.1
Project("{FAE04EC0-301F-11D3-BF4B-00C04F79EFBC}") = "ExceptionInCsharp", "ExceptionInCsharp\ExceptionInCsharp.csproj", "{0C42E500-1838-4D47-81AF-E897666EA099}"
EndProject
Global
	GlobalSection(SolutionConfigurationPlatforms) = preSolution
		Debug|Any CPU = Debug|Any CPU
		Release|Any CPU = Release|Any CPU
	EndGlobalSection
	GlobalSection(ProjectConfigurationPlatforms) = postSolution
		{0C42E500-1838-4D47-81AF-E897666EA099}.Debug|Any CPU.ActiveCfg = Debug|Any CPU
		{0C42E500-1838-4D47-81AF-E897666EA099}.Debug|Any CPU.Build.0 = Debug|Any CPU
		{0C42E500-1838-4D47-81AF-E897666EA099}.Release|Any CPU.ActiveCfg = Release|Any CPU
		{0C42E500-1838-4D47-81AF-E897666EA099}.Release|Any CPU.Build.0 = Release|Any CPU
	EndGlobalSection
	GlobalSection(SolutionProperties) = preSolution
		HideSolutionNode = FALSE
	EndGlobalSection
	GlobalSection(ExtensibilityGlobals) = postSolution
		SolutionGuid = {235D2B7E-D7ED-4494-99BE-6ACA0E075C54}
	EndGlobalSection
EndGlobal
