
Microsoft Visual Studio Solution File, Format Version 12.00
# Visual Studio Version 17
VisualStudioVersion = 17.11.35312.102
MinimumVisualStudioVersion = 10.0.40219.1
Project("{FAE04EC0-301F-11D3-BF4B-00C04F79EFBC}") = "LearnCoreFromStart", "LearnCoreFromStart\LearnCoreFromStart.csproj", "{32738CF2-3A79-4430-8C84-CBDD62E126FC}"
EndProject
Global
	GlobalSection(SolutionConfigurationPlatforms) = preSolution
		Debug|Any CPU = Debug|Any CPU
		Release|Any CPU = Release|Any CPU
	EndGlobalSection
	GlobalSection(ProjectConfigurationPlatforms) = postSolution
		{32738CF2-3A79-4430-8C84-CBDD62E126FC}.Debug|Any CPU.ActiveCfg = Debug|Any CPU
		{32738CF2-3A79-4430-8C84-CBDD62E126FC}.Debug|Any CPU.Build.0 = Debug|Any CPU
		{32738CF2-3A79-4430-8C84-CBDD62E126FC}.Release|Any CPU.ActiveCfg = Release|Any CPU
		{32738CF2-3A79-4430-8C84-CBDD62E126FC}.Release|Any CPU.Build.0 = Release|Any CPU
	EndGlobalSection
	GlobalSection(SolutionProperties) = preSolution
		HideSolutionNode = FALSE
	EndGlobalSection
	GlobalSection(ExtensibilityGlobals) = postSolution
		SolutionGuid = {35EF7E7D-A8E0-423F-A08F-0BB64124D82C}
	EndGlobalSection
EndGlobal
