
Microsoft Visual Studio Solution File, Format Version 12.00
# Visual Studio Version 17
VisualStudioVersion = 17.11.35312.102
MinimumVisualStudioVersion = 10.0.40219.1
Project("{FAE04EC0-301F-11D3-BF4B-00C04F79EFBC}") = "OptionalParameter", "OptionalParameter\OptionalParameter.csproj", "{DC5CED36-4C33-40B6-8BAF-920D1779F99B}"
EndProject
Global
	GlobalSection(SolutionConfigurationPlatforms) = preSolution
		Debug|Any CPU = Debug|Any CPU
		Release|Any CPU = Release|Any CPU
	EndGlobalSection
	GlobalSection(ProjectConfigurationPlatforms) = postSolution
		{DC5CED36-4C33-40B6-8BAF-920D1779F99B}.Debug|Any CPU.ActiveCfg = Debug|Any CPU
		{DC5CED36-4C33-40B6-8BAF-920D1779F99B}.Debug|Any CPU.Build.0 = Debug|Any CPU
		{DC5CED36-4C33-40B6-8BAF-920D1779F99B}.Release|Any CPU.ActiveCfg = Release|Any CPU
		{DC5CED36-4C33-40B6-8BAF-920D1779F99B}.Release|Any CPU.Build.0 = Release|Any CPU
	EndGlobalSection
	GlobalSection(SolutionProperties) = preSolution
		HideSolutionNode = FALSE
	EndGlobalSection
	GlobalSection(ExtensibilityGlobals) = postSolution
		SolutionGuid = {7F6E1FD2-9761-4E8B-AF4B-96846101EEF8}
	EndGlobalSection
EndGlobal
