
Microsoft Visual Studio Solution File, Format Version 12.00
# Visual Studio Version 17
VisualStudioVersion = 17.11.35312.102
MinimumVisualStudioVersion = 10.0.40219.1
Project("{FAE04EC0-301F-11D3-BF4B-00C04F79EFBC}") = "StructureIncSharp", "StructureIncSharp\StructureIncSharp.csproj", "{A823BB0C-4C43-446B-A006-9D88586C298B}"
EndProject
Global
	GlobalSection(SolutionConfigurationPlatforms) = preSolution
		Debug|Any CPU = Debug|Any CPU
		Release|Any CPU = Release|Any CPU
	EndGlobalSection
	GlobalSection(ProjectConfigurationPlatforms) = postSolution
		{A823BB0C-4C43-446B-A006-9D88586C298B}.Debug|Any CPU.ActiveCfg = Debug|Any CPU
		{A823BB0C-4C43-446B-A006-9D88586C298B}.Debug|Any CPU.Build.0 = Debug|Any CPU
		{A823BB0C-4C43-446B-A006-9D88586C298B}.Release|Any CPU.ActiveCfg = Release|Any CPU
		{A823BB0C-4C43-446B-A006-9D88586C298B}.Release|Any CPU.Build.0 = Release|Any CPU
	EndGlobalSection
	GlobalSection(SolutionProperties) = preSolution
		HideSolutionNode = FALSE
	EndGlobalSection
	GlobalSection(ExtensibilityGlobals) = postSolution
		SolutionGuid = {7D2A965D-D94A-42FA-993C-DA888270272D}
	EndGlobalSection
EndGlobal
